
Microsoft Visual Studio Solution File, Format Version 12.00
# Visual Studio 15
Project("{FAE04EC0-301F-11D3-BF4B-00C04F79EFBC}") = "Assembly-CSharp", "Assembly-CSharp.csproj", "{E11C1507-EF35-7BA2-5A6F-4E887CBC7968}"
EndProject
Project("{FAE04EC0-301F-11D3-BF4B-00C04F79EFBC}") = "Assembly-CSharp-firstpass", "Assembly-CSharp-firstpass.csproj", "{9B8D52A7-B4C5-1B13-08CB-079F8988F2E2}"
EndProject
Project("{FAE04EC0-301F-11D3-BF4B-00C04F79EFBC}") = "Assembly-CSharp-Editor", "Assembly-CSharp-Editor.csproj", "{B89D62D4-D57D-4D99-7305-87695E37ECF9}"
EndProject
Global
	GlobalSection(SolutionConfigurationPlatforms) = preSolution
		Debug|Any CPU = Debug|Any CPU
		Release|Any CPU = Release|Any CPU
	EndGlobalSection
	GlobalSection(ProjectConfigurationPlatforms) = postSolution
		{E11C1507-EF35-7BA2-5A6F-4E887CBC7968}.Debug|Any CPU.ActiveCfg = Debug|Any CPU
		{E11C1507-EF35-7BA2-5A6F-4E887CBC7968}.Debug|Any CPU.Build.0 = Debug|Any CPU
		{E11C1507-EF35-7BA2-5A6F-4E887CBC7968}.Release|Any CPU.ActiveCfg = Release|Any CPU
		{E11C1507-EF35-7BA2-5A6F-4E887CBC7968}.Release|Any CPU.Build.0 = Release|Any CPU
		{9B8D52A7-B4C5-1B13-08CB-079F8988F2E2}.Debug|Any CPU.ActiveCfg = Debug|Any CPU
		{9B8D52A7-B4C5-1B13-08CB-079F8988F2E2}.Debug|Any CPU.Build.0 = Debug|Any CPU
		{9B8D52A7-B4C5-1B13-08CB-079F8988F2E2}.Release|Any CPU.ActiveCfg = Release|Any CPU
		{9B8D52A7-B4C5-1B13-08CB-079F8988F2E2}.Release|Any CPU.Build.0 = Release|Any CPU
		{B89D62D4-D57D-4D99-7305-87695E37ECF9}.Debug|Any CPU.ActiveCfg = Debug|Any CPU
		{B89D62D4-D57D-4D99-7305-87695E37ECF9}.Debug|Any CPU.Build.0 = Debug|Any CPU
		{B89D62D4-D57D-4D99-7305-87695E37ECF9}.Release|Any CPU.ActiveCfg = Release|Any CPU
		{B89D62D4-D57D-4D99-7305-87695E37ECF9}.Release|Any CPU.Build.0 = Release|Any CPU
	EndGlobalSection
	GlobalSection(SolutionProperties) = preSolution
		HideSolutionNode = FALSE
	EndGlobalSection
EndGlobal
